PODS:
  - Alamofire (5.7.1)
  - SwiftUIIntrospect (0.10.0)

DEPENDENCIES:
  - Alamofire (~> 5.7.0)
  - SwiftUIIntrospect

SPEC REPOS:
  trunk:
    - Alamofire
    - SwiftUIIntrospect

SPEC CHECKSUMS:
  Alamofire: 0123a34370cb170936ae79a8df46cc62b2edeb88
  SwiftUIIntrospect: 6e17d518778c28c8fad15e15572be841d300af52

PODFILE CHECKSUM: 0036347f89507fcbe6c7ab0825729e4412d3a757

COCOAPODS: 1.12.1
