// !$*UTF8*$!
{
	archiveVersion = 1;
	classes = {
	};
	objectVersion = 56;
	objects = {

/* Begin PBXBuildFile section */
		791C435B16A0257269F5CF43 /* Pods_BragiDemo.framework in Frameworks */ = {isa = PBXBuildFile; fileRef = 9A59C8599A9B0940DC874648 /* Pods_BragiDemo.framework */; };
		8D007F9F2A6F32C50046490D /* BragiDemoApp.swift in Sources */ = {isa = PBXBuildFile; fileRef = 8D007F9E2A6F32C50046490D /* BragiDemoApp.swift */; };
		8D007FA12A6F32C50046490D /* RootView.swift in Sources */ = {isa = PBXBuildFile; fileRef = 8D007FA02A6F32C50046490D /* RootView.swift */; };
		8D007FA32A6F32C70046490D /* Assets.xcassets in Resources */ = {isa = PBXBuildFile; fileRef = 8D007FA22A6F32C70046490D /* Assets.xcassets */; };
		8D007FA62A6F32C70046490D /* Preview Assets.xcassets in Resources */ = {isa = PBXBuildFile; fileRef = 8D007FA52A6F32C70046490D /* Preview Assets.xcassets */; };
		8D007FB02A6F3A720046490D /* Localizable.strings in Resources */ = {isa = PBXBuildFile; fileRef = 8D007FB22A6F3A720046490D /* Localizable.strings */; };
		8D007FB42A6F3AFE0046490D /* LocalizationKeys.swift in Sources */ = {isa = PBXBuildFile; fileRef = 8D007FB32A6F3AFD0046490D /* LocalizationKeys.swift */; };
		8D007FC82A6F3B730046490D /* NetworkServiceProtocol.swift in Sources */ = {isa = PBXBuildFile; fileRef = 8D007FB62A6F3B730046490D /* NetworkServiceProtocol.swift */; };
		8D007FCB2A6F3B730046490D /* NetworkingRequest.swift in Sources */ = {isa = PBXBuildFile; fileRef = 8D007FBE2A6F3B730046490D /* NetworkingRequest.swift */; };
		8D007FCC2A6F3B730046490D /* RequestDescriptor.swift in Sources */ = {isa = PBXBuildFile; fileRef = 8D007FBF2A6F3B730046490D /* RequestDescriptor.swift */; };
		8D007FCD2A6F3B730046490D /* RequestContentType.swift in Sources */ = {isa = PBXBuildFile; fileRef = 8D007FC02A6F3B730046490D /* RequestContentType.swift */; };
		8D007FCE2A6F3B730046490D /* RequestHeaderKey.swift in Sources */ = {isa = PBXBuildFile; fileRef = 8D007FC12A6F3B730046490D /* RequestHeaderKey.swift */; };
		8D007FD02A6F3B730046490D /* NetworkError.swift in Sources */ = {isa = PBXBuildFile; fileRef = 8D007FC42A6F3B730046490D /* NetworkError.swift */; };
		8D007FD12A6F3B730046490D /* NetworkStatusCode.swift in Sources */ = {isa = PBXBuildFile; fileRef = 8D007FC52A6F3B730046490D /* NetworkStatusCode.swift */; };
		8D007FD22A6F3B730046490D /* NetworkConstants.swift in Sources */ = {isa = PBXBuildFile; fileRef = 8D007FC62A6F3B730046490D /* NetworkConstants.swift */; };
		8D007FD32A6F3B730046490D /* NetworkService.swift in Sources */ = {isa = PBXBuildFile; fileRef = 8D007FC72A6F3B730046490D /* NetworkService.swift */; };
		8D007FE12A6FD36E0046490D /* LibraryView.swift in Sources */ = {isa = PBXBuildFile; fileRef = 8D007FE02A6FD36E0046490D /* LibraryView.swift */; };
		8D007FEA2A6FD5900046490D /* ScrollView+.swift in Sources */ = {isa = PBXBuildFile; fileRef = 8D007FE62A6FD5900046490D /* ScrollView+.swift */; };
		8D007FEB2A6FD5900046490D /* Text+.swift in Sources */ = {isa = PBXBuildFile; fileRef = 8D007FE72A6FD5900046490D /* Text+.swift */; };
		8D007FEC2A6FD5900046490D /* CGFloat+.swift in Sources */ = {isa = PBXBuildFile; fileRef = 8D007FE82A6FD5900046490D /* CGFloat+.swift */; };
		8D007FF22A6FD7280046490D /* IsLoadingModifier.swift in Sources */ = {isa = PBXBuildFile; fileRef = 8D007FF12A6FD7280046490D /* IsLoadingModifier.swift */; };
		8D007FF72A6FD8060046490D /* DisconnectAlert.swift in Sources */ = {isa = PBXBuildFile; fileRef = 8D007FF52A6FD8060046490D /* DisconnectAlert.swift */; };
		8D007FF82A6FD8060046490D /* DisabledModifier.swift in Sources */ = {isa = PBXBuildFile; fileRef = 8D007FF62A6FD8060046490D /* DisabledModifier.swift */; };
		8D007FFB2A6FDA920046490D /* ColorNames.swift in Sources */ = {isa = PBXBuildFile; fileRef = 8D007FFA2A6FDA920046490D /* ColorNames.swift */; };
		8D007FFD2A6FE53E0046490D /* FiltersView.swift in Sources */ = {isa = PBXBuildFile; fileRef = 8D007FFC2A6FE53E0046490D /* FiltersView.swift */; };
		8D0080002A6FE5680046490D /* FilterItem.swift in Sources */ = {isa = PBXBuildFile; fileRef = 8D007FFF2A6FE5680046490D /* FilterItem.swift */; };
		8D0080032A6FE6B60046490D /* FilterButtonStyle.swift in Sources */ = {isa = PBXBuildFile; fileRef = 8D0080022A6FE6B60046490D /* FilterButtonStyle.swift */; };
		8D0080052A6FE84B0046490D /* MovieItemView.swift in Sources */ = {isa = PBXBuildFile; fileRef = 8D0080042A6FE84B0046490D /* MovieItemView.swift */; };
		8D0080072A6FE8BE0046490D /* MovieItem.swift in Sources */ = {isa = PBXBuildFile; fileRef = 8D0080062A6FE8BE0046490D /* MovieItem.swift */; };
		8D00800A2A6FE9300046490D /* RatioImageView.swift in Sources */ = {isa = PBXBuildFile; fileRef = 8D0080092A6FE9300046490D /* RatioImageView.swift */; };
		8D00800C2A6FEA330046490D /* IconView.swift in Sources */ = {isa = PBXBuildFile; fileRef = 8D00800B2A6FEA330046490D /* IconView.swift */; };
		8D00800E2A6FEA570046490D /* IconNames.swift in Sources */ = {isa = PBXBuildFile; fileRef = 8D00800D2A6FEA570046490D /* IconNames.swift */; };
		8D0080102A6FED8C0046490D /* DescriptionLabelView.swift in Sources */ = {isa = PBXBuildFile; fileRef = 8D00800F2A6FED8C0046490D /* DescriptionLabelView.swift */; };
		8D0080142A6FEE400046490D /* FontBody.swift in Sources */ = {isa = PBXBuildFile; fileRef = 8D0080132A6FEE400046490D /* FontBody.swift */; };
		8D0080162A6FFECC0046490D /* RequestAccessContent.swift in Sources */ = {isa = PBXBuildFile; fileRef = 8D0080152A6FFECC0046490D /* RequestAccessContent.swift */; };
		8D0080182A7000B50046490D /* GenresRequest.swift in Sources */ = {isa = PBXBuildFile; fileRef = 8D0080172A7000B50046490D /* GenresRequest.swift */; };
		8D00801B2A7001F90046490D /* ContentType.swift in Sources */ = {isa = PBXBuildFile; fileRef = 8D00801A2A7001F90046490D /* ContentType.swift */; };
		8D00801E2A700CF10046490D /* GenresResponse.swift in Sources */ = {isa = PBXBuildFile; fileRef = 8D00801D2A700CF10046490D /* GenresResponse.swift */; };
		8D0080212A700D240046490D /* GenreData.swift in Sources */ = {isa = PBXBuildFile; fileRef = 8D0080202A700D240046490D /* GenreData.swift */; };
		8D0080232A708E5E0046490D /* MovieManager.swift in Sources */ = {isa = PBXBuildFile; fileRef = 8D0080222A708E5E0046490D /* MovieManager.swift */; };
		8D0080262A708E770046490D /* MovieManagerProtocol.swift in Sources */ = {isa = PBXBuildFile; fileRef = 8D0080252A708E770046490D /* MovieManagerProtocol.swift */; };
		8D0080282A70953E0046490D /* LibraryViewModel.swift in Sources */ = {isa = PBXBuildFile; fileRef = 8D0080272A70953E0046490D /* LibraryViewModel.swift */; };
		8D00802A2A709B170046490D /* LibraryViewBuilder.swift in Sources */ = {isa = PBXBuildFile; fileRef = 8D0080292A709B170046490D /* LibraryViewBuilder.swift */; };
		8D00802C2A709E840046490D /* Int+.swift in Sources */ = {isa = PBXBuildFile; fileRef = 8D00802B2A709E840046490D /* Int+.swift */; };
		8DE2DDE72A71249D00DE91B7 /* LibraryResponse.swift in Sources */ = {isa = PBXBuildFile; fileRef = 8DE2DDE62A71249D00DE91B7 /* LibraryResponse.swift */; };
		8DE2DDE92A7124C600DE91B7 /* LibraryItemData.swift in Sources */ = {isa = PBXBuildFile; fileRef = 8DE2DDE82A7124C600DE91B7 /* LibraryItemData.swift */; };
		8DE2DDEB2A71263000DE91B7 /* MoviesRequest.swift in Sources */ = {isa = PBXBuildFile; fileRef = 8DE2DDEA2A71263000DE91B7 /* MoviesRequest.swift */; };
		8DE2DDEF2A713BAD00DE91B7 /* MoviesDetailsResponse.swift in Sources */ = {isa = PBXBuildFile; fileRef = 8DE2DDEE2A713BAD00DE91B7 /* MoviesDetailsResponse.swift */; };
		8DE2DDF12A713C2000DE91B7 /* MoviesDetailsRequest.swift in Sources */ = {isa = PBXBuildFile; fileRef = 8DE2DDF02A713C2000DE91B7 /* MoviesDetailsRequest.swift */; };
		8DE2DDF32A713D1300DE91B7 /* MoviesPreviewRequest.swift in Sources */ = {isa = PBXBuildFile; fileRef = 8DE2DDF22A713D1300DE91B7 /* MoviesPreviewRequest.swift */; };
		8DE2DDF52A713F8E00DE91B7 /* Result+.swift in Sources */ = {isa = PBXBuildFile; fileRef = 8DE2DDF42A713F8E00DE91B7 /* Result+.swift */; };
		8DE2DDF72A7140A600DE91B7 /* Sequence+.swift in Sources */ = {isa = PBXBuildFile; fileRef = 8DE2DDF62A7140A600DE91B7 /* Sequence+.swift */; };
		8DE2DDFC2A71442400DE91B7 /* MovieItemViewModel.swift in Sources */ = {isa = PBXBuildFile; fileRef = 8DE2DDFB2A71442400DE91B7 /* MovieItemViewModel.swift */; };
		8DE2DDFE2A7145DE00DE91B7 /* MovieItemViewBuilder.swift in Sources */ = {isa = PBXBuildFile; fileRef = 8DE2DDFD2A7145DE00DE91B7 /* MovieItemViewBuilder.swift */; };
		8DE2DE012A71461300DE91B7 /* DIContainer.swift in Sources */ = {isa = PBXBuildFile; fileRef = 8DE2DE002A71461300DE91B7 /* DIContainer.swift */; };
		8DE2DE062A714A7D00DE91B7 /* ImageSizePath.swift in Sources */ = {isa = PBXBuildFile; fileRef = 8DE2DE052A714A7D00DE91B7 /* ImageSizePath.swift */; };
		8DE2DE0D2A71570B00DE91B7 /* TvShowsDetailsRequest.swift in Sources */ = {isa = PBXBuildFile; fileRef = 8DE2DE0C2A71570B00DE91B7 /* TvShowsDetailsRequest.swift */; };
		8DE2DE0F2A7157A200DE91B7 /* TVShowsDetailsResponse.swift in Sources */ = {isa = PBXBuildFile; fileRef = 8DE2DE0E2A7157A200DE91B7 /* TVShowsDetailsResponse.swift */; };
		8DE2DE142A71591900DE91B7 /* TVShowItemViewBuilder.swift in Sources */ = {isa = PBXBuildFile; fileRef = 8DE2DE132A71591900DE91B7 /* TVShowItemViewBuilder.swift */; };
		8DE2DE162A71592C00DE91B7 /* TVShowItemViewModel.swift in Sources */ = {isa = PBXBuildFile; fileRef = 8DE2DE152A71592C00DE91B7 /* TVShowItemViewModel.swift */; };
		8DE2DE182A71597100DE91B7 /* TVShowItemView.swift in Sources */ = {isa = PBXBuildFile; fileRef = 8DE2DE172A71597100DE91B7 /* TVShowItemView.swift */; };
		8DE2DE1A2A715AA800DE91B7 /* MoviesListView.swift in Sources */ = {isa = PBXBuildFile; fileRef = 8DE2DE192A715AA800DE91B7 /* MoviesListView.swift */; };
		8DE2DE1C2A715B8D00DE91B7 /* TVListView.swift in Sources */ = {isa = PBXBuildFile; fileRef = 8DE2DE1B2A715B8D00DE91B7 /* TVListView.swift */; };
		8DE2DE242A7162EA00DE91B7 /* ViewsFactoryProtocol.swift in Sources */ = {isa = PBXBuildFile; fileRef = 8DE2DE1F2A7162EA00DE91B7 /* ViewsFactoryProtocol.swift */; };
		8DE2DE252A7162EA00DE91B7 /* ViewsFactory.swift in Sources */ = {isa = PBXBuildFile; fileRef = 8DE2DE202A7162EA00DE91B7 /* ViewsFactory.swift */; };
		8DE2DE272A7162EA00DE91B7 /* FactoryModule.swift in Sources */ = {isa = PBXBuildFile; fileRef = 8DE2DE232A7162EA00DE91B7 /* FactoryModule.swift */; };
		8DE2DE292A71638D00DE91B7 /* RootViewBuilder.swift in Sources */ = {isa = PBXBuildFile; fileRef = 8DE2DE282A71638D00DE91B7 /* RootViewBuilder.swift */; };
/* End PBXBuildFile section */

/* Begin PBXFileReference section */
		0F8798FC9BD781FF41E1C2BE /* Pods-BragiDemo.release.xcconfig */ = {isa = PBXFileReference; includeInIndex = 1; lastKnownFileType = text.xcconfig; name = "Pods-BragiDemo.release.xcconfig"; path = "Target Support Files/Pods-BragiDemo/Pods-BragiDemo.release.xcconfig"; sourceTree = "<group>"; };
		36EA81609A852D3AB11C2A1A /* Pods-BragiDemo.debug.xcconfig */ = {isa = PBXFileReference; includeInIndex = 1; lastKnownFileType = text.xcconfig; name = "Pods-BragiDemo.debug.xcconfig"; path = "Target Support Files/Pods-BragiDemo/Pods-BragiDemo.debug.xcconfig"; sourceTree = "<group>"; };
		8D007F9B2A6F32C50046490D /* BragiDemo.app */ = {isa = PBXFileReference; explicitFileType = wrapper.application; includeInIndex = 0; path = BragiDemo.app; sourceTree = BUILT_PRODUCTS_DIR; };
		8D007F9E2A6F32C50046490D /* BragiDemoApp.swift */ = {isa = PBXFileReference; lastKnownFileType = sourcecode.swift; path = BragiDemoApp.swift; sourceTree = "<group>"; };
		8D007FA02A6F32C50046490D /* RootView.swift */ = {isa = PBXFileReference; lastKnownFileType = sourcecode.swift; path = RootView.swift; sourceTree = "<group>"; };
		8D007FA22A6F32C70046490D /* Assets.xcassets */ = {isa = PBXFileReference; lastKnownFileType = folder.assetcatalog; path = Assets.xcassets; sourceTree = "<group>"; };
		8D007FA52A6F32C70046490D /* Preview Assets.xcassets */ = {isa = PBXFileReference; lastKnownFileType = folder.assetcatalog; path = "Preview Assets.xcassets"; sourceTree = "<group>"; };
		8D007FB12A6F3A720046490D /* en */ = {isa = PBXFileReference; lastKnownFileType = text.plist.strings; name = en; path = en.lproj/Localizable.strings; sourceTree = "<group>"; };
		8D007FB32A6F3AFD0046490D /* LocalizationKeys.swift */ = {isa = PBXFileReference; fileEncoding = 4; lastKnownFileType = sourcecode.swift; path = LocalizationKeys.swift; sourceTree = "<group>"; };
		8D007FB62A6F3B730046490D /* NetworkServiceProtocol.swift */ = {isa = PBXFileReference; fileEncoding = 4; lastKnownFileType = sourcecode.swift; path = NetworkServiceProtocol.swift; sourceTree = "<group>"; };
		8D007FBE2A6F3B730046490D /* NetworkingRequest.swift */ = {isa = PBXFileReference; fileEncoding = 4; lastKnownFileType = sourcecode.swift; path = NetworkingRequest.swift; sourceTree = "<group>"; };
		8D007FBF2A6F3B730046490D /* RequestDescriptor.swift */ = {isa = PBXFileReference; fileEncoding = 4; lastKnownFileType = sourcecode.swift; path = RequestDescriptor.swift; sourceTree = "<group>"; };
		8D007FC02A6F3B730046490D /* RequestContentType.swift */ = {isa = PBXFileReference; fileEncoding = 4; lastKnownFileType = sourcecode.swift; path = RequestContentType.swift; sourceTree = "<group>"; };
		8D007FC12A6F3B730046490D /* RequestHeaderKey.swift */ = {isa = PBXFileReference; fileEncoding = 4; lastKnownFileType = sourcecode.swift; path = RequestHeaderKey.swift; sourceTree = "<group>"; };
		8D007FC42A6F3B730046490D /* NetworkError.swift */ = {isa = PBXFileReference; fileEncoding = 4; lastKnownFileType = sourcecode.swift; path = NetworkError.swift; sourceTree = "<group>"; };
		8D007FC52A6F3B730046490D /* NetworkStatusCode.swift */ = {isa = PBXFileReference; fileEncoding = 4; lastKnownFileType = sourcecode.swift; path = NetworkStatusCode.swift; sourceTree = "<group>"; };
		8D007FC62A6F3B730046490D /* NetworkConstants.swift */ = {isa = PBXFileReference; fileEncoding = 4; lastKnownFileType = sourcecode.swift; path = NetworkConstants.swift; sourceTree = "<group>"; };
		8D007FC72A6F3B730046490D /* NetworkService.swift */ = {isa = PBXFileReference; fileEncoding = 4; lastKnownFileType = sourcecode.swift; path = NetworkService.swift; sourceTree = "<group>"; };
		8D007FE02A6FD36E0046490D /* LibraryView.swift */ = {isa = PBXFileReference; lastKnownFileType = sourcecode.swift; path = LibraryView.swift; sourceTree = "<group>"; };
		8D007FE62A6FD5900046490D /* ScrollView+.swift */ = {isa = PBXFileReference; fileEncoding = 4; lastKnownFileType = sourcecode.swift; path = "ScrollView+.swift"; sourceTree = "<group>"; };
		8D007FE72A6FD5900046490D /* Text+.swift */ = {isa = PBXFileReference; fileEncoding = 4; lastKnownFileType = sourcecode.swift; path = "Text+.swift"; sourceTree = "<group>"; };
		8D007FE82A6FD5900046490D /* CGFloat+.swift */ = {isa = PBXFileReference; fileEncoding = 4; lastKnownFileType = sourcecode.swift; path = "CGFloat+.swift"; sourceTree = "<group>"; };
		8D007FF12A6FD7280046490D /* IsLoadingModifier.swift */ = {isa = PBXFileReference; fileEncoding = 4; lastKnownFileType = sourcecode.swift; path = IsLoadingModifier.swift; sourceTree = "<group>"; };
		8D007FF52A6FD8060046490D /* DisconnectAlert.swift */ = {isa = PBXFileReference; fileEncoding = 4; lastKnownFileType = sourcecode.swift; path = DisconnectAlert.swift; sourceTree = "<group>"; };
		8D007FF62A6FD8060046490D /* DisabledModifier.swift */ = {isa = PBXFileReference; fileEncoding = 4; lastKnownFileType = sourcecode.swift; path = DisabledModifier.swift; sourceTree = "<group>"; };
		8D007FFA2A6FDA920046490D /* ColorNames.swift */ = {isa = PBXFileReference; lastKnownFileType = sourcecode.swift; path = ColorNames.swift; sourceTree = "<group>"; };
		8D007FFC2A6FE53E0046490D /* FiltersView.swift */ = {isa = PBXFileReference; lastKnownFileType = sourcecode.swift; path = FiltersView.swift; sourceTree = "<group>"; };
		8D007FFF2A6FE5680046490D /* FilterItem.swift */ = {isa = PBXFileReference; lastKnownFileType = sourcecode.swift; path = FilterItem.swift; sourceTree = "<group>"; };
		8D0080022A6FE6B60046490D /* FilterButtonStyle.swift */ = {isa = PBXFileReference; fileEncoding = 4; lastKnownFileType = sourcecode.swift; path = FilterButtonStyle.swift; sourceTree = "<group>"; };
		8D0080042A6FE84B0046490D /* MovieItemView.swift */ = {isa = PBXFileReference; lastKnownFileType = sourcecode.swift; path = MovieItemView.swift; sourceTree = "<group>"; };
		8D0080062A6FE8BE0046490D /* MovieItem.swift */ = {isa = PBXFileReference; lastKnownFileType = sourcecode.swift; path = MovieItem.swift; sourceTree = "<group>"; };
		8D0080092A6FE9300046490D /* RatioImageView.swift */ = {isa = PBXFileReference; fileEncoding = 4; lastKnownFileType = sourcecode.swift; path = RatioImageView.swift; sourceTree = "<group>"; };
		8D00800B2A6FEA330046490D /* IconView.swift */ = {isa = PBXFileReference; fileEncoding = 4; lastKnownFileType = sourcecode.swift; path = IconView.swift; sourceTree = "<group>"; };
		8D00800D2A6FEA570046490D /* IconNames.swift */ = {isa = PBXFileReference; fileEncoding = 4; lastKnownFileType = sourcecode.swift; path = IconNames.swift; sourceTree = "<group>"; };
		8D00800F2A6FED8C0046490D /* DescriptionLabelView.swift */ = {isa = PBXFileReference; lastKnownFileType = sourcecode.swift; path = DescriptionLabelView.swift; sourceTree = "<group>"; };
		8D0080132A6FEE400046490D /* FontBody.swift */ = {isa = PBXFileReference; fileEncoding = 4; lastKnownFileType = sourcecode.swift; path = FontBody.swift; sourceTree = "<group>"; };
		8D0080152A6FFECC0046490D /* RequestAccessContent.swift */ = {isa = PBXFileReference; lastKnownFileType = sourcecode.swift; path = RequestAccessContent.swift; sourceTree = "<group>"; };
		8D0080172A7000B50046490D /* GenresRequest.swift */ = {isa = PBXFileReference; lastKnownFileType = sourcecode.swift; path = GenresRequest.swift; sourceTree = "<group>"; };
		8D00801A2A7001F90046490D /* ContentType.swift */ = {isa = PBXFileReference; lastKnownFileType = sourcecode.swift; path = ContentType.swift; sourceTree = "<group>"; };
		8D00801D2A700CF10046490D /* GenresResponse.swift */ = {isa = PBXFileReference; lastKnownFileType = sourcecode.swift; path = GenresResponse.swift; sourceTree = "<group>"; };
		8D0080202A700D240046490D /* GenreData.swift */ = {isa = PBXFileReference; lastKnownFileType = sourcecode.swift; path = GenreData.swift; sourceTree = "<group>"; };
		8D0080222A708E5E0046490D /* MovieManager.swift */ = {isa = PBXFileReference; lastKnownFileType = sourcecode.swift; path = MovieManager.swift; sourceTree = "<group>"; };
		8D0080252A708E770046490D /* MovieManagerProtocol.swift */ = {isa = PBXFileReference; lastKnownFileType = sourcecode.swift; path = MovieManagerProtocol.swift; sourceTree = "<group>"; };
		8D0080272A70953E0046490D /* LibraryViewModel.swift */ = {isa = PBXFileReference; lastKnownFileType = sourcecode.swift; path = LibraryViewModel.swift; sourceTree = "<group>"; };
		8D0080292A709B170046490D /* LibraryViewBuilder.swift */ = {isa = PBXFileReference; lastKnownFileType = sourcecode.swift; path = LibraryViewBuilder.swift; sourceTree = "<group>"; };
		8D00802B2A709E840046490D /* Int+.swift */ = {isa = PBXFileReference; lastKnownFileType = sourcecode.swift; path = "Int+.swift"; sourceTree = "<group>"; };
		8DE2DDE62A71249D00DE91B7 /* LibraryResponse.swift */ = {isa = PBXFileReference; lastKnownFileType = sourcecode.swift; path = LibraryResponse.swift; sourceTree = "<group>"; };
		8DE2DDE82A7124C600DE91B7 /* LibraryItemData.swift */ = {isa = PBXFileReference; lastKnownFileType = sourcecode.swift; path = LibraryItemData.swift; sourceTree = "<group>"; };
		8DE2DDEA2A71263000DE91B7 /* MoviesRequest.swift */ = {isa = PBXFileReference; lastKnownFileType = sourcecode.swift; path = MoviesRequest.swift; sourceTree = "<group>"; };
		8DE2DDEE2A713BAD00DE91B7 /* MoviesDetailsResponse.swift */ = {isa = PBXFileReference; lastKnownFileType = sourcecode.swift; path = MoviesDetailsResponse.swift; sourceTree = "<group>"; };
		8DE2DDF02A713C2000DE91B7 /* MoviesDetailsRequest.swift */ = {isa = PBXFileReference; lastKnownFileType = sourcecode.swift; path = MoviesDetailsRequest.swift; sourceTree = "<group>"; };
		8DE2DDF22A713D1300DE91B7 /* MoviesPreviewRequest.swift */ = {isa = PBXFileReference; lastKnownFileType = sourcecode.swift; path = MoviesPreviewRequest.swift; sourceTree = "<group>"; };
		8DE2DDF42A713F8E00DE91B7 /* Result+.swift */ = {isa = PBXFileReference; lastKnownFileType = sourcecode.swift; path = "Result+.swift"; sourceTree = "<group>"; };
		8DE2DDF62A7140A600DE91B7 /* Sequence+.swift */ = {isa = PBXFileReference; fileEncoding = 4; lastKnownFileType = sourcecode.swift; path = "Sequence+.swift"; sourceTree = "<group>"; };
		8DE2DDFB2A71442400DE91B7 /* MovieItemViewModel.swift */ = {isa = PBXFileReference; lastKnownFileType = sourcecode.swift; path = MovieItemViewModel.swift; sourceTree = "<group>"; };
		8DE2DDFD2A7145DE00DE91B7 /* MovieItemViewBuilder.swift */ = {isa = PBXFileReference; lastKnownFileType = sourcecode.swift; path = MovieItemViewBuilder.swift; sourceTree = "<group>"; };
		8DE2DE002A71461300DE91B7 /* DIContainer.swift */ = {isa = PBXFileReference; lastKnownFileType = sourcecode.swift; path = DIContainer.swift; sourceTree = "<group>"; };
		8DE2DE052A714A7D00DE91B7 /* ImageSizePath.swift */ = {isa = PBXFileReference; lastKnownFileType = sourcecode.swift; path = ImageSizePath.swift; sourceTree = "<group>"; };
		8DE2DE0C2A71570B00DE91B7 /* TvShowsDetailsRequest.swift */ = {isa = PBXFileReference; lastKnownFileType = sourcecode.swift; path = TvShowsDetailsRequest.swift; sourceTree = "<group>"; };
		8DE2DE0E2A7157A200DE91B7 /* TVShowsDetailsResponse.swift */ = {isa = PBXFileReference; lastKnownFileType = sourcecode.swift; path = TVShowsDetailsResponse.swift; sourceTree = "<group>"; };
		8DE2DE132A71591900DE91B7 /* TVShowItemViewBuilder.swift */ = {isa = PBXFileReference; lastKnownFileType = sourcecode.swift; path = TVShowItemViewBuilder.swift; sourceTree = "<group>"; };
		8DE2DE152A71592C00DE91B7 /* TVShowItemViewModel.swift */ = {isa = PBXFileReference; lastKnownFileType = sourcecode.swift; path = TVShowItemViewModel.swift; sourceTree = "<group>"; };
		8DE2DE172A71597100DE91B7 /* TVShowItemView.swift */ = {isa = PBXFileReference; lastKnownFileType = sourcecode.swift; path = TVShowItemView.swift; sourceTree = "<group>"; };
		8DE2DE192A715AA800DE91B7 /* MoviesListView.swift */ = {isa = PBXFileReference; lastKnownFileType = sourcecode.swift; path = MoviesListView.swift; sourceTree = "<group>"; };
		8DE2DE1B2A715B8D00DE91B7 /* TVListView.swift */ = {isa = PBXFileReference; lastKnownFileType = sourcecode.swift; path = TVListView.swift; sourceTree = "<group>"; };
		8DE2DE1F2A7162EA00DE91B7 /* ViewsFactoryProtocol.swift */ = {isa = PBXFileReference; fileEncoding = 4; lastKnownFileType = sourcecode.swift; path = ViewsFactoryProtocol.swift; sourceTree = "<group>"; };
		8DE2DE202A7162EA00DE91B7 /* ViewsFactory.swift */ = {isa = PBXFileReference; fileEncoding = 4; lastKnownFileType = sourcecode.swift; path = ViewsFactory.swift; sourceTree = "<group>"; };
		8DE2DE232A7162EA00DE91B7 /* FactoryModule.swift */ = {isa = PBXFileReference; fileEncoding = 4; lastKnownFileType = sourcecode.swift; path = FactoryModule.swift; sourceTree = "<group>"; };
		8DE2DE282A71638D00DE91B7 /* RootViewBuilder.swift */ = {isa = PBXFileReference; lastKnownFileType = sourcecode.swift; path = RootViewBuilder.swift; sourceTree = "<group>"; };
		9A59C8599A9B0940DC874648 /* Pods_BragiDemo.framework */ = {isa = PBXFileReference; explicitFileType = wrapper.framework; includeInIndex = 0; path = Pods_BragiDemo.framework; sourceTree = BUILT_PRODUCTS_DIR; };
/* End PBXFileReference section */

/* Begin PBXFrameworksBuildPhase section */
		8D007F982A6F32C50046490D /* Frameworks */ = {
			isa = PBXFrameworksBuildPhase;
			buildActionMask = 2147483647;
			files = (
				791C435B16A0257269F5CF43 /* Pods_BragiDemo.framework in Frameworks */,
			);
			runOnlyForDeploymentPostprocessing = 0;
		};
/* End PBXFrameworksBuildPhase section */

/* Begin PBXGroup section */
		8D007F922A6F32C50046490D = {
			isa = PBXGroup;
			children = (
				8D007F9D2A6F32C50046490D /* BragiDemo */,
				8D007F9C2A6F32C50046490D /* Products */,
				A465F8D93892A0EB47D638F1 /* Pods */,
				9AF91E7ED350D68D35772751 /* Frameworks */,
			);
			sourceTree = "<group>";
		};
		8D007F9C2A6F32C50046490D /* Products */ = {
			isa = PBXGroup;
			children = (
				8D007F9B2A6F32C50046490D /* BragiDemo.app */,
			);
			name = Products;
			sourceTree = "<group>";
		};
		8D007F9D2A6F32C50046490D /* BragiDemo */ = {
			isa = PBXGroup;
			children = (
				8DE2DE1E2A7162EA00DE91B7 /* ViewsFactory */,
				8DE2DDFF2A71460D00DE91B7 /* DI */,
				8D007FDC2A6F41390046490D /* System */,
				8D007FDB2A6F41320046490D /* Managers */,
				8D007FDA2A6F41290046490D /* Sevices */,
				8D007FD72A6F41190046490D /* Modules */,
				8D007FE22A6FD54D0046490D /* Shared */,
				8D007FAD2A6F3A0D0046490D /* Resources */,
				8D007FA42A6F32C70046490D /* Preview Content */,
			);
			path = BragiDemo;
			sourceTree = "<group>";
		};
		8D007FA42A6F32C70046490D /* Preview Content */ = {
			isa = PBXGroup;
			children = (
				8D007FA52A6F32C70046490D /* Preview Assets.xcassets */,
			);
			path = "Preview Content";
			sourceTree = "<group>";
		};
		8D007FAC2A6F3A060046490D /* Localization */ = {
			isa = PBXGroup;
			children = (
				8D007FB22A6F3A720046490D /* Localizable.strings */,
				8D007FB32A6F3AFD0046490D /* LocalizationKeys.swift */,
			);
			path = Localization;
			sourceTree = "<group>";
		};
		8D007FAD2A6F3A0D0046490D /* Resources */ = {
			isa = PBXGroup;
			children = (
				8D007FA22A6F32C70046490D /* Assets.xcassets */,
				8D007FAC2A6F3A060046490D /* Localization */,
			);
			path = Resources;
			sourceTree = "<group>";
		};
		8D007FB52A6F3B730046490D /* NetworkService */ = {
			isa = PBXGroup;
			children = (
				8D007FB72A6F3B730046490D /* Shared */,
				8D007FB62A6F3B730046490D /* NetworkServiceProtocol.swift */,
				8D007FC72A6F3B730046490D /* NetworkService.swift */,
			);
			path = NetworkService;
			sourceTree = "<group>";
		};
		8D007FB72A6F3B730046490D /* Shared */ = {
			isa = PBXGroup;
			children = (
				8D007FBA2A6F3B730046490D /* Requests */,
				8D00801C2A700CDC0046490D /* Responses */,
				8D007FC42A6F3B730046490D /* NetworkError.swift */,
				8D007FC52A6F3B730046490D /* NetworkStatusCode.swift */,
				8D007FC62A6F3B730046490D /* NetworkConstants.swift */,
			);
			path = Shared;
			sourceTree = "<group>";
		};
		8D007FBA2A6F3B730046490D /* Requests */ = {
			isa = PBXGroup;
			children = (
				8D007FBB2A6F3B730046490D /* Usage */,
				8D007FBD2A6F3B730046490D /* Helpers */,
			);
			path = Requests;
			sourceTree = "<group>";
		};
		8D007FBB2A6F3B730046490D /* Usage */ = {
			isa = PBXGroup;
			children = (
				8D0080172A7000B50046490D /* GenresRequest.swift */,
				8DE2DDEA2A71263000DE91B7 /* MoviesRequest.swift */,
				8DE2DDF02A713C2000DE91B7 /* MoviesDetailsRequest.swift */,
				8DE2DE0C2A71570B00DE91B7 /* TvShowsDetailsRequest.swift */,
				8DE2DDF22A713D1300DE91B7 /* MoviesPreviewRequest.swift */,
			);
			path = Usage;
			sourceTree = "<group>";
		};
		8D007FBD2A6F3B730046490D /* Helpers */ = {
			isa = PBXGroup;
			children = (
				8D007FBE2A6F3B730046490D /* NetworkingRequest.swift */,
				8D007FBF2A6F3B730046490D /* RequestDescriptor.swift */,
				8D007FC02A6F3B730046490D /* RequestContentType.swift */,
				8D0080152A6FFECC0046490D /* RequestAccessContent.swift */,
				8D007FC12A6F3B730046490D /* RequestHeaderKey.swift */,
				8DE2DE052A714A7D00DE91B7 /* ImageSizePath.swift */,
			);
			path = Helpers;
			sourceTree = "<group>";
		};
		8D007FD72A6F41190046490D /* Modules */ = {
			isa = PBXGroup;
			children = (
				8D007FDD2A6FD3230046490D /* LibraryView */,
				8D0080292A709B170046490D /* LibraryViewBuilder.swift */,
				8D007FD82A6F411D0046490D /* RootView */,
			);
			path = Modules;
			sourceTree = "<group>";
		};
		8D007FD82A6F411D0046490D /* RootView */ = {
			isa = PBXGroup;
			children = (
				8D007FD92A6F41210046490D /* View */,
				8DE2DE282A71638D00DE91B7 /* RootViewBuilder.swift */,
			);
			path = RootView;
			sourceTree = "<group>";
		};
		8D007FD92A6F41210046490D /* View */ = {
			isa = PBXGroup;
			children = (
				8D007FA02A6F32C50046490D /* RootView.swift */,
			);
			path = View;
			sourceTree = "<group>";
		};
		8D007FDA2A6F41290046490D /* Sevices */ = {
			isa = PBXGroup;
			children = (
				8D007FB52A6F3B730046490D /* NetworkService */,
			);
			path = Sevices;
			sourceTree = "<group>";
		};
		8D007FDB2A6F41320046490D /* Managers */ = {
			isa = PBXGroup;
			children = (
				8D0080242A708E610046490D /* MovieManager */,
			);
			path = Managers;
			sourceTree = "<group>";
		};
		8D007FDC2A6F41390046490D /* System */ = {
			isa = PBXGroup;
			children = (
				8D007F9E2A6F32C50046490D /* BragiDemoApp.swift */,
			);
			path = System;
			sourceTree = "<group>";
		};
		8D007FDD2A6FD3230046490D /* LibraryView */ = {
			isa = PBXGroup;
			children = (
				8D0080192A7001420046490D /* Shared */,
				8D007FFE2A6FE5610046490D /* Model */,
				8D007FDF2A6FD3600046490D /* ViewModel */,
				8D007FDE2A6FD35D0046490D /* View */,
			);
			path = LibraryView;
			sourceTree = "<group>";
		};
		8D007FDE2A6FD35D0046490D /* View */ = {
			isa = PBXGroup;
			children = (
				8D007FED2A6FD5F30046490D /* Subviews */,
				8D007FE02A6FD36E0046490D /* LibraryView.swift */,
			);
			path = View;
			sourceTree = "<group>";
		};
		8D007FDF2A6FD3600046490D /* ViewModel */ = {
			isa = PBXGroup;
			children = (
				8D0080272A70953E0046490D /* LibraryViewModel.swift */,
			);
			path = ViewModel;
			sourceTree = "<group>";
		};
		8D007FE22A6FD54D0046490D /* Shared */ = {
			isa = PBXGroup;
			children = (
				8D007FE42A6FD5690046490D /* Extensions */,
				8D007FE32A6FD5520046490D /* UI */,
			);
			path = Shared;
			sourceTree = "<group>";
		};
		8D007FE32A6FD5520046490D /* UI */ = {
			isa = PBXGroup;
			children = (
				8D0080082A6FE91A0046490D /* CustomViews */,
				8D0080012A6FE6960046490D /* Styles */,
				8D007FF92A6FDA4B0046490D /* Shared */,
				8D007FF02A6FD6BB0046490D /* Modifiers */,
			);
			path = UI;
			sourceTree = "<group>";
		};
		8D007FE42A6FD5690046490D /* Extensions */ = {
			isa = PBXGroup;
			children = (
				8D007FE82A6FD5900046490D /* CGFloat+.swift */,
				8D007FE62A6FD5900046490D /* ScrollView+.swift */,
				8D007FE72A6FD5900046490D /* Text+.swift */,
				8D00802B2A709E840046490D /* Int+.swift */,
				8DE2DDF42A713F8E00DE91B7 /* Result+.swift */,
				8DE2DDF62A7140A600DE91B7 /* Sequence+.swift */,
			);
			path = Extensions;
			sourceTree = "<group>";
		};
		8D007FED2A6FD5F30046490D /* Subviews */ = {
			isa = PBXGroup;
			children = (
				8D007FFC2A6FE53E0046490D /* FiltersView.swift */,
				8DE2DE102A71587400DE91B7 /* TVShowItemView */,
				8DE2DDF82A71440C00DE91B7 /* MovieItemView */,
				8D00800F2A6FED8C0046490D /* DescriptionLabelView.swift */,
				8DE2DE192A715AA800DE91B7 /* MoviesListView.swift */,
				8DE2DE1B2A715B8D00DE91B7 /* TVListView.swift */,
			);
			path = Subviews;
			sourceTree = "<group>";
		};
		8D007FF02A6FD6BB0046490D /* Modifiers */ = {
			isa = PBXGroup;
			children = (
				8D007FF12A6FD7280046490D /* IsLoadingModifier.swift */,
				8D007FF62A6FD8060046490D /* DisabledModifier.swift */,
				8D007FF52A6FD8060046490D /* DisconnectAlert.swift */,
			);
			path = Modifiers;
			sourceTree = "<group>";
		};
		8D007FF92A6FDA4B0046490D /* Shared */ = {
			isa = PBXGroup;
			children = (
				8D007FFA2A6FDA920046490D /* ColorNames.swift */,
				8D00800D2A6FEA570046490D /* IconNames.swift */,
			);
			path = Shared;
			sourceTree = "<group>";
		};
		8D007FFE2A6FE5610046490D /* Model */ = {
			isa = PBXGroup;
			children = (
				8D007FFF2A6FE5680046490D /* FilterItem.swift */,
				8D0080062A6FE8BE0046490D /* MovieItem.swift */,
			);
			path = Model;
			sourceTree = "<group>";
		};
		8D0080012A6FE6960046490D /* Styles */ = {
			isa = PBXGroup;
			children = (
				8D0080122A6FEDBC0046490D /* FontStyles */,
				8D0080112A6FEDB40046490D /* ButtonStyles */,
			);
			path = Styles;
			sourceTree = "<group>";
		};
		8D0080082A6FE91A0046490D /* CustomViews */ = {
			isa = PBXGroup;
			children = (
				8D0080092A6FE9300046490D /* RatioImageView.swift */,
				8D00800B2A6FEA330046490D /* IconView.swift */,
			);
			path = CustomViews;
			sourceTree = "<group>";
		};
		8D0080112A6FEDB40046490D /* ButtonStyles */ = {
			isa = PBXGroup;
			children = (
				8D0080022A6FE6B60046490D /* FilterButtonStyle.swift */,
			);
			path = ButtonStyles;
			sourceTree = "<group>";
		};
		8D0080122A6FEDBC0046490D /* FontStyles */ = {
			isa = PBXGroup;
			children = (
				8D0080132A6FEE400046490D /* FontBody.swift */,
			);
			path = FontStyles;
			sourceTree = "<group>";
		};
		8D0080192A7001420046490D /* Shared */ = {
			isa = PBXGroup;
			children = (
				8D00801A2A7001F90046490D /* ContentType.swift */,
			);
			path = Shared;
			sourceTree = "<group>";
		};
		8D00801C2A700CDC0046490D /* Responses */ = {
			isa = PBXGroup;
			children = (
				8DE2DDED2A713B9900DE91B7 /* MoviesDetailsResponse */,
				8DE2DDE52A71248F00DE91B7 /* LibraryResponse */,
				8D00801F2A700CF60046490D /* GenresResponse */,
			);
			path = Responses;
			sourceTree = "<group>";
		};
		8D00801F2A700CF60046490D /* GenresResponse */ = {
			isa = PBXGroup;
			children = (
				8D00801D2A700CF10046490D /* GenresResponse.swift */,
				8D0080202A700D240046490D /* GenreData.swift */,
			);
			path = GenresResponse;
			sourceTree = "<group>";
		};
		8D0080242A708E610046490D /* MovieManager */ = {
			isa = PBXGroup;
			children = (
				8D0080252A708E770046490D /* MovieManagerProtocol.swift */,
				8D0080222A708E5E0046490D /* MovieManager.swift */,
			);
			path = MovieManager;
			sourceTree = "<group>";
		};
		8DE2DDE52A71248F00DE91B7 /* LibraryResponse */ = {
			isa = PBXGroup;
			children = (
				8DE2DDE62A71249D00DE91B7 /* LibraryResponse.swift */,
				8DE2DDE82A7124C600DE91B7 /* LibraryItemData.swift */,
			);
			path = LibraryResponse;
			sourceTree = "<group>";
		};
		8DE2DDED2A713B9900DE91B7 /* MoviesDetailsResponse */ = {
			isa = PBXGroup;
			children = (
				8DE2DDEE2A713BAD00DE91B7 /* MoviesDetailsResponse.swift */,
				8DE2DE0E2A7157A200DE91B7 /* TVShowsDetailsResponse.swift */,
			);
			path = MoviesDetailsResponse;
			sourceTree = "<group>";
		};
		8DE2DDF82A71440C00DE91B7 /* MovieItemView */ = {
			isa = PBXGroup;
			children = (
				8DE2DDFA2A71441700DE91B7 /* ViewModel */,
				8DE2DDF92A71441300DE91B7 /* View */,
				8DE2DDFD2A7145DE00DE91B7 /* MovieItemViewBuilder.swift */,
			);
			path = MovieItemView;
			sourceTree = "<group>";
		};
		8DE2DDF92A71441300DE91B7 /* View */ = {
			isa = PBXGroup;
			children = (
				8D0080042A6FE84B0046490D /* MovieItemView.swift */,
			);
			path = View;
			sourceTree = "<group>";
		};
		8DE2DDFA2A71441700DE91B7 /* ViewModel */ = {
			isa = PBXGroup;
			children = (
				8DE2DDFB2A71442400DE91B7 /* MovieItemViewModel.swift */,
			);
			path = ViewModel;
			sourceTree = "<group>";
		};
		8DE2DDFF2A71460D00DE91B7 /* DI */ = {
			isa = PBXGroup;
			children = (
				8DE2DE002A71461300DE91B7 /* DIContainer.swift */,
			);
			path = DI;
			sourceTree = "<group>";
		};
		8DE2DE102A71587400DE91B7 /* TVShowItemView */ = {
			isa = PBXGroup;
			children = (
				8DE2DE122A71590C00DE91B7 /* ViewModel */,
				8DE2DE112A71590900DE91B7 /* View */,
				8DE2DE132A71591900DE91B7 /* TVShowItemViewBuilder.swift */,
			);
			path = TVShowItemView;
			sourceTree = "<group>";
		};
		8DE2DE112A71590900DE91B7 /* View */ = {
			isa = PBXGroup;
			children = (
				8DE2DE172A71597100DE91B7 /* TVShowItemView.swift */,
			);
			path = View;
			sourceTree = "<group>";
		};
		8DE2DE122A71590C00DE91B7 /* ViewModel */ = {
			isa = PBXGroup;
			children = (
				8DE2DE152A71592C00DE91B7 /* TVShowItemViewModel.swift */,
			);
			path = ViewModel;
			sourceTree = "<group>";
		};
		8DE2DE1E2A7162EA00DE91B7 /* ViewsFactory */ = {
			isa = PBXGroup;
			children = (
				8DE2DE212A7162EA00DE91B7 /* Shared */,
				8DE2DE1F2A7162EA00DE91B7 /* ViewsFactoryProtocol.swift */,
				8DE2DE202A7162EA00DE91B7 /* ViewsFactory.swift */,
			);
			name = ViewsFactory;
			path = ViewsFactory/ViewsFactory;
			sourceTree = "<group>";
		};
		8DE2DE212A7162EA00DE91B7 /* Shared */ = {
			isa = PBXGroup;
			children = (
				8DE2DE232A7162EA00DE91B7 /* FactoryModule.swift */,
			);
			path = Shared;
			sourceTree = "<group>";
		};
		9AF91E7ED350D68D35772751 /* Frameworks */ = {
			isa = PBXGroup;
			children = (
				9A59C8599A9B0940DC874648 /* Pods_BragiDemo.framework */,
			);
			name = Frameworks;
			sourceTree = "<group>";
		};
		A465F8D93892A0EB47D638F1 /* Pods */ = {
			isa = PBXGroup;
			children = (
				36EA81609A852D3AB11C2A1A /* Pods-BragiDemo.debug.xcconfig */,
				0F8798FC9BD781FF41E1C2BE /* Pods-BragiDemo.release.xcconfig */,
			);
			path = Pods;
			sourceTree = "<group>";
		};
/* End PBXGroup section */

/* Begin PBXNativeTarget section */
		8D007F9A2A6F32C50046490D /* BragiDemo */ = {
			isa = PBXNativeTarget;
			buildConfigurationList = 8D007FA92A6F32C70046490D /* Build configuration list for PBXNativeTarget "BragiDemo" */;
			buildPhases = (
				62CCDB05CFC7FB1457E3953D /* [CP] Check Pods Manifest.lock */,
				8D007F972A6F32C50046490D /* Sources */,
				8D007F982A6F32C50046490D /* Frameworks */,
				8D007F992A6F32C50046490D /* Resources */,
				8681FBDC6A4E857DB2CDDF40 /* [CP] Embed Pods Frameworks */,
			);
			buildRules = (
			);
			dependencies = (
			);
			name = BragiDemo;
			productName = BragiDemo;
			productReference = 8D007F9B2A6F32C50046490D /* BragiDemo.app */;
			productType = "com.apple.product-type.application";
		};
/* End PBXNativeTarget section */

/* Begin PBXProject section */
		8D007F932A6F32C50046490D /* Project object */ = {
			isa = PBXProject;
			attributes = {
				BuildIndependentTargetsInParallel = 1;
				LastSwiftUpdateCheck = 1420;
				LastUpgradeCheck = 1420;
				TargetAttributes = {
					8D007F9A2A6F32C50046490D = {
						CreatedOnToolsVersion = 14.2;
					};
				};
			};
			buildConfigurationList = 8D007F962A6F32C50046490D /* Build configuration list for PBXProject "BragiDemo" */;
			compatibilityVersion = "Xcode 14.0";
			developmentRegion = en;
			hasScannedForEncodings = 0;
			knownRegions = (
				en,
				Base,
			);
			mainGroup = 8D007F922A6F32C50046490D;
			productRefGroup = 8D007F9C2A6F32C50046490D /* Products */;
			projectDirPath = "";
			projectRoot = "";
			targets = (
				8D007F9A2A6F32C50046490D /* BragiDemo */,
			);
		};
/* End PBXProject section */

/* Begin PBXResourcesBuildPhase section */
		8D007F992A6F32C50046490D /* Resources */ = {
			isa = PBXResourcesBuildPhase;
			buildActionMask = 2147483647;
			files = (
				8D007FA62A6F32C70046490D /* Preview Assets.xcassets in Resources */,
				8D007FB02A6F3A720046490D /* Localizable.strings in Resources */,
				8D007FA32A6F32C70046490D /* Assets.xcassets in Resources */,
			);
			runOnlyForDeploymentPostprocessing = 0;
		};
/* End PBXResourcesBuildPhase section */

/* Begin PBXShellScriptBuildPhase section */
		62CCDB05CFC7FB1457E3953D /* [CP] Check Pods Manifest.lock */ = {
			isa = PBXShellScriptBuildPhase;
			buildActionMask = 2147483647;
			files = (
			);
			inputFileListPaths = (
			);
			inputPaths = (
				"${PODS_PODFILE_DIR_PATH}/Podfile.lock",
				"${PODS_ROOT}/Manifest.lock",
			);
			name = "[CP] Check Pods Manifest.lock";
			outputFileListPaths = (
			);
			outputPaths = (
				"$(DERIVED_FILE_DIR)/Pods-BragiDemo-checkManifestLockResult.txt",
			);
			runOnlyForDeploymentPostprocessing = 0;
			shellPath = /bin/sh;
			shellScript = "diff \"${PODS_PODFILE_DIR_PATH}/Podfile.lock\" \"${PODS_ROOT}/Manifest.lock\" > /dev/null\nif [ $? != 0 ] ; then\n    # print error to STDERR\n    echo \"error: The sandbox is not in sync with the Podfile.lock. Run 'pod install' or update your CocoaPods installation.\" >&2\n    exit 1\nfi\n# This output is used by Xcode 'outputs' to avoid re-running this script phase.\necho \"SUCCESS\" > \"${SCRIPT_OUTPUT_FILE_0}\"\n";
			showEnvVarsInLog = 0;
		};
		8681FBDC6A4E857DB2CDDF40 /* [CP] Embed Pods Frameworks */ = {
			isa = PBXShellScriptBuildPhase;
			buildActionMask = 2147483647;
			files = (
			);
			inputFileListPaths = (
				"${PODS_ROOT}/Target Support Files/Pods-BragiDemo/Pods-BragiDemo-frameworks-${CONFIGURATION}-input-files.xcfilelist",
			);
			name = "[CP] Embed Pods Frameworks";
			outputFileListPaths = (
				"${PODS_ROOT}/Target Support Files/Pods-BragiDemo/Pods-BragiDemo-frameworks-${CONFIGURATION}-output-files.xcfilelist",
			);
			runOnlyForDeploymentPostprocessing = 0;
			shellPath = /bin/sh;
			shellScript = "\"${PODS_ROOT}/Target Support Files/Pods-BragiDemo/Pods-BragiDemo-frameworks.sh\"\n";
			showEnvVarsInLog = 0;
		};
/* End PBXShellScriptBuildPhase section */

/* Begin PBXSourcesBuildPhase section */
		8D007F972A6F32C50046490D /* Sources */ = {
			isa = PBXSourcesBuildPhase;
			buildActionMask = 2147483647;
			files = (
				8D007FE12A6FD36E0046490D /* LibraryView.swift in Sources */,
				8D007FEA2A6FD5900046490D /* ScrollView+.swift in Sources */,
				8DE2DE292A71638D00DE91B7 /* RootViewBuilder.swift in Sources */,
				8D0080002A6FE5680046490D /* FilterItem.swift in Sources */,
				8D007FD22A6F3B730046490D /* NetworkConstants.swift in Sources */,
				8DE2DE182A71597100DE91B7 /* TVShowItemView.swift in Sources */,
				8D00802A2A709B170046490D /* LibraryViewBuilder.swift in Sources */,
				8DE2DE272A7162EA00DE91B7 /* FactoryModule.swift in Sources */,
				8D007FCE2A6F3B730046490D /* RequestHeaderKey.swift in Sources */,
				8DE2DDFE2A7145DE00DE91B7 /* MovieItemViewBuilder.swift in Sources */,
				8DE2DDF32A713D1300DE91B7 /* MoviesPreviewRequest.swift in Sources */,
				8D007FEC2A6FD5900046490D /* CGFloat+.swift in Sources */,
				8DE2DE062A714A7D00DE91B7 /* ImageSizePath.swift in Sources */,
				8D0080072A6FE8BE0046490D /* MovieItem.swift in Sources */,
				8D007FF82A6FD8060046490D /* DisabledModifier.swift in Sources */,
				8D00800A2A6FE9300046490D /* RatioImageView.swift in Sources */,
				8DE2DDE92A7124C600DE91B7 /* LibraryItemData.swift in Sources */,
				8D007FF72A6FD8060046490D /* DisconnectAlert.swift in Sources */,
				8D007FEB2A6FD5900046490D /* Text+.swift in Sources */,
				8D007FCC2A6F3B730046490D /* RequestDescriptor.swift in Sources */,
				8D007FCD2A6F3B730046490D /* RequestContentType.swift in Sources */,
				8DE2DE162A71592C00DE91B7 /* TVShowItemViewModel.swift in Sources */,
				8DE2DDF12A713C2000DE91B7 /* MoviesDetailsRequest.swift in Sources */,
				8D007FC82A6F3B730046490D /* NetworkServiceProtocol.swift in Sources */,
				8DE2DE252A7162EA00DE91B7 /* ViewsFactory.swift in Sources */,
				8DE2DDF52A713F8E00DE91B7 /* Result+.swift in Sources */,
				8D0080142A6FEE400046490D /* FontBody.swift in Sources */,
				8DE2DE0F2A7157A200DE91B7 /* TVShowsDetailsResponse.swift in Sources */,
				8D007FFB2A6FDA920046490D /* ColorNames.swift in Sources */,
				8DE2DDE72A71249D00DE91B7 /* LibraryResponse.swift in Sources */,
				8D00801B2A7001F90046490D /* ContentType.swift in Sources */,
				8DE2DDEF2A713BAD00DE91B7 /* MoviesDetailsResponse.swift in Sources */,
				8DE2DE242A7162EA00DE91B7 /* ViewsFactoryProtocol.swift in Sources */,
				8D0080282A70953E0046490D /* LibraryViewModel.swift in Sources */,
				8D007FCB2A6F3B730046490D /* NetworkingRequest.swift in Sources */,
				8DE2DDEB2A71263000DE91B7 /* MoviesRequest.swift in Sources */,
				8D007FD32A6F3B730046490D /* NetworkService.swift in Sources */,
				8DE2DDFC2A71442400DE91B7 /* MovieItemViewModel.swift in Sources */,
				8D00800C2A6FEA330046490D /* IconView.swift in Sources */,
				8D00800E2A6FEA570046490D /* IconNames.swift in Sources */,
				8DE2DE012A71461300DE91B7 /* DIContainer.swift in Sources */,
				8D0080182A7000B50046490D /* GenresRequest.swift in Sources */,
				8D007FFD2A6FE53E0046490D /* FiltersView.swift in Sources */,
				8D007FF22A6FD7280046490D /* IsLoadingModifier.swift in Sources */,
				8DE2DE142A71591900DE91B7 /* TVShowItemViewBuilder.swift in Sources */,
				8D007FB42A6F3AFE0046490D /* LocalizationKeys.swift in Sources */,
				8DE2DE1C2A715B8D00DE91B7 /* TVListView.swift in Sources */,
				8D0080232A708E5E0046490D /* MovieManager.swift in Sources */,
				8D0080032A6FE6B60046490D /* FilterButtonStyle.swift in Sources */,
				8D007FA12A6F32C50046490D /* RootView.swift in Sources */,
				8D007F9F2A6F32C50046490D /* BragiDemoApp.swift in Sources */,
				8D0080102A6FED8C0046490D /* DescriptionLabelView.swift in Sources */,
				8D00801E2A700CF10046490D /* GenresResponse.swift in Sources */,
				8D007FD02A6F3B730046490D /* NetworkError.swift in Sources */,
				8D0080262A708E770046490D /* MovieManagerProtocol.swift in Sources */,
				8D0080212A700D240046490D /* GenreData.swift in Sources */,
				8DE2DDF72A7140A600DE91B7 /* Sequence+.swift in Sources */,
				8D007FD12A6F3B730046490D /* NetworkStatusCode.swift in Sources */,
				8D0080052A6FE84B0046490D /* MovieItemView.swift in Sources */,
				8D00802C2A709E840046490D /* Int+.swift in Sources */,
				8DE2DE0D2A71570B00DE91B7 /* TvShowsDetailsRequest.swift in Sources */,
				8D0080162A6FFECC0046490D /* RequestAccessContent.swift in Sources */,
				8DE2DE1A2A715AA800DE91B7 /* MoviesListView.swift in Sources */,
			);
			runOnlyForDeploymentPostprocessing = 0;
		};
/* End PBXSourcesBuildPhase section */

/* Begin PBXVariantGroup section */
		8D007FB22A6F3A720046490D /* Localizable.strings */ = {
			isa = PBXVariantGroup;
			children = (
				8D007FB12A6F3A720046490D /* en */,
			);
			name = Localizable.strings;
			sourceTree = "<group>";
		};
/* End PBXVariantGroup section */

/* Begin XCBuildConfiguration section */
		8D007FA72A6F32C70046490D /* Debug */ = {
			isa = XCBuildConfiguration;
			buildSettings = {
				ALWAYS_SEARCH_USER_PATHS = NO;
				CLANG_ANALYZER_NONNULL = YES;
				CLANG_ANALYZER_NUMBER_OBJECT_CONVERSION = YES_AGGRESSIVE;
				CLANG_CXX_LANGUAGE_STANDARD = "gnu++20";
				CLANG_ENABLE_MODULES = YES;
				CLANG_ENABLE_OBJC_ARC = YES;
				CLANG_ENABLE_OBJC_WEAK = YES;
				CLANG_WARN_BLOCK_CAPTURE_AUTORELEASING = YES;
				CLANG_WARN_BOOL_CONVERSION = YES;
				CLANG_WARN_COMMA = YES;
				CLANG_WARN_CONSTANT_CONVERSION = YES;
				CLANG_WARN_DEPRECATED_OBJC_IMPLEMENTATIONS = YES;
				CLANG_WARN_DIRECT_OBJC_ISA_USAGE = YES_ERROR;
				CLANG_WARN_DOCUMENTATION_COMMENTS = YES;
				CLANG_WARN_EMPTY_BODY = YES;
				CLANG_WARN_ENUM_CONVERSION = YES;
				CLANG_WARN_INFINITE_RECURSION = YES;
				CLANG_WARN_INT_CONVERSION = YES;
				CLANG_WARN_NON_LITERAL_NULL_CONVERSION = YES;
				CLANG_WARN_OBJC_IMPLICIT_RETAIN_SELF = YES;
				CLANG_WARN_OBJC_LITERAL_CONVERSION = YES;
				CLANG_WARN_OBJC_ROOT_CLASS = YES_ERROR;
				CLANG_WARN_QUOTED_INCLUDE_IN_FRAMEWORK_HEADER = YES;
				CLANG_WARN_RANGE_LOOP_ANALYSIS = YES;
				CLANG_WARN_STRICT_PROTOTYPES = YES;
				CLANG_WARN_SUSPICIOUS_MOVE = YES;
				CLANG_WARN_UNGUARDED_AVAILABILITY = YES_AGGRESSIVE;
				CLANG_WARN_UNREACHABLE_CODE = YES;
				CLANG_WARN__DUPLICATE_METHOD_MATCH = YES;
				COPY_PHASE_STRIP = NO;
				DEBUG_INFORMATION_FORMAT = dwarf;
				ENABLE_STRICT_OBJC_MSGSEND = YES;
				ENABLE_TESTABILITY = YES;
				GCC_C_LANGUAGE_STANDARD = gnu11;
				GCC_DYNAMIC_NO_PIC = NO;
				GCC_NO_COMMON_BLOCKS = YES;
				GCC_OPTIMIZATION_LEVEL = 0;
				GCC_PREPROCESSOR_DEFINITIONS = (
					"DEBUG=1",
					"$(inherited)",
				);
				GCC_WARN_64_TO_32_BIT_CONVERSION = YES;
				GCC_WARN_ABOUT_RETURN_TYPE = YES_ERROR;
				GCC_WARN_UNDECLARED_SELECTOR = YES;
				GCC_WARN_UNINITIALIZED_AUTOS = YES_AGGRESSIVE;
				GCC_WARN_UNUSED_FUNCTION = YES;
				GCC_WARN_UNUSED_VARIABLE = YES;
				IPHONEOS_DEPLOYMENT_TARGET = 14.0;
				MTL_ENABLE_DEBUG_INFO = INCLUDE_SOURCE;
				MTL_FAST_MATH = YES;
				ONLY_ACTIVE_ARCH = YES;
				SDKROOT = iphoneos;
				SWIFT_ACTIVE_COMPILATION_CONDITIONS = DEBUG;
				SWIFT_OPTIMIZATION_LEVEL = "-Onone";
			};
			name = Debug;
		};
		8D007FA82A6F32C70046490D /* Release */ = {
			isa = XCBuildConfiguration;
			buildSettings = {
				ALWAYS_SEARCH_USER_PATHS = NO;
				CLANG_ANALYZER_NONNULL = YES;
				CLANG_ANALYZER_NUMBER_OBJECT_CONVERSION = YES_AGGRESSIVE;
				CLANG_CXX_LANGUAGE_STANDARD = "gnu++20";
				CLANG_ENABLE_MODULES = YES;
				CLANG_ENABLE_OBJC_ARC = YES;
				CLANG_ENABLE_OBJC_WEAK = YES;
				CLANG_WARN_BLOCK_CAPTURE_AUTORELEASING = YES;
				CLANG_WARN_BOOL_CONVERSION = YES;
				CLANG_WARN_COMMA = YES;
				CLANG_WARN_CONSTANT_CONVERSION = YES;
				CLANG_WARN_DEPRECATED_OBJC_IMPLEMENTATIONS = YES;
				CLANG_WARN_DIRECT_OBJC_ISA_USAGE = YES_ERROR;
				CLANG_WARN_DOCUMENTATION_COMMENTS = YES;
				CLANG_WARN_EMPTY_BODY = YES;
				CLANG_WARN_ENUM_CONVERSION = YES;
				CLANG_WARN_INFINITE_RECURSION = YES;
				CLANG_WARN_INT_CONVERSION = YES;
				CLANG_WARN_NON_LITERAL_NULL_CONVERSION = YES;
				CLANG_WARN_OBJC_IMPLICIT_RETAIN_SELF = YES;
				CLANG_WARN_OBJC_LITERAL_CONVERSION = YES;
				CLANG_WARN_OBJC_ROOT_CLASS = YES_ERROR;
				CLANG_WARN_QUOTED_INCLUDE_IN_FRAMEWORK_HEADER = YES;
				CLANG_WARN_RANGE_LOOP_ANALYSIS = YES;
				CLANG_WARN_STRICT_PROTOTYPES = YES;
				CLANG_WARN_SUSPICIOUS_MOVE = YES;
				CLANG_WARN_UNGUARDED_AVAILABILITY = YES_AGGRESSIVE;
				CLANG_WARN_UNREACHABLE_CODE = YES;
				CLANG_WARN__DUPLICATE_METHOD_MATCH = YES;
				COPY_PHASE_STRIP = NO;
				DEBUG_INFORMATION_FORMAT = "dwarf-with-dsym";
				ENABLE_NS_ASSERTIONS = NO;
				ENABLE_STRICT_OBJC_MSGSEND = YES;
				GCC_C_LANGUAGE_STANDARD = gnu11;
				GCC_NO_COMMON_BLOCKS = YES;
				GCC_WARN_64_TO_32_BIT_CONVERSION = YES;
				GCC_WARN_ABOUT_RETURN_TYPE = YES_ERROR;
				GCC_WARN_UNDECLARED_SELECTOR = YES;
				GCC_WARN_UNINITIALIZED_AUTOS = YES_AGGRESSIVE;
				GCC_WARN_UNUSED_FUNCTION = YES;
				GCC_WARN_UNUSED_VARIABLE = YES;
				IPHONEOS_DEPLOYMENT_TARGET = 14.0;
				MTL_ENABLE_DEBUG_INFO = NO;
				MTL_FAST_MATH = YES;
				SDKROOT = iphoneos;
				SWIFT_COMPILATION_MODE = wholemodule;
				SWIFT_OPTIMIZATION_LEVEL = "-O";
				VALIDATE_PRODUCT = YES;
			};
			name = Release;
		};
		8D007FAA2A6F32C70046490D /* Debug */ = {
			isa = XCBuildConfiguration;
			baseConfigurationReference = 36EA81609A852D3AB11C2A1A /* Pods-BragiDemo.debug.xcconfig */;
			buildSettings = {
				ASSETCATALOG_COMPILER_APPICON_NAME = AppIcon;
				ASSETCATALOG_COMPILER_GLOBAL_ACCENT_COLOR_NAME = AccentColor;
				CODE_SIGN_STYLE = Automatic;
				CURRENT_PROJECT_VERSION = 1;
				DEVELOPMENT_ASSET_PATHS = "\"BragiDemo/Preview Content\"";
				DEVELOPMENT_TEAM = R3L829L3V3;
				ENABLE_PREVIEWS = YES;
				GENERATE_INFOPLIST_FILE = YES;
				INFOPLIST_KEY_UIApplicationSceneManifest_Generation = YES;
				INFOPLIST_KEY_UIApplicationSupportsIndirectInputEvents = YES;
				INFOPLIST_KEY_UILaunchScreen_Generation = YES;
				INFOPLIST_KEY_UIRequiresFullScreen = NO;
				INFOPLIST_KEY_UISupportedInterfaceOrientations = UIInterfaceOrientationPortrait;
				INFOPLIST_KEY_UISupportedInterfaceOrientations_iPad = "UIInterfaceOrientationPortrait UIInterfaceOrientationPortraitUpsideDown";
				IPHONEOS_DEPLOYMENT_TARGET = 14.0;
				LD_RUNPATH_SEARCH_PATHS = (
					"$(inherited)",
					"@executable_path/Frameworks",
				);
				MARKETING_VERSION = 1.0;
				PRODUCT_BUNDLE_IDENTIFIER = nikitaskobelkin.BragiDemo;
				PRODUCT_NAME = "$(TARGET_NAME)";
				SWIFT_EMIT_LOC_STRINGS = YES;
				SWIFT_VERSION = 5.0;
				TARGETED_DEVICE_FAMILY = "1,2";
			};
			name = Debug;
		};
		8D007FAB2A6F32C70046490D /* Release */ = {
			isa = XCBuildConfiguration;
			baseConfigurationReference = 0F8798FC9BD781FF41E1C2BE /* Pods-BragiDemo.release.xcconfig */;
			buildSettings = {
				ASSETCATALOG_COMPILER_APPICON_NAME = AppIcon;
				ASSETCATALOG_COMPILER_GLOBAL_ACCENT_COLOR_NAME = AccentColor;
				CODE_SIGN_STYLE = Automatic;
				CURRENT_PROJECT_VERSION = 1;
				DEVELOPMENT_ASSET_PATHS = "\"BragiDemo/Preview Content\"";
				DEVELOPMENT_TEAM = R3L829L3V3;
				ENABLE_PREVIEWS = YES;
				GENERATE_INFOPLIST_FILE = YES;
				INFOPLIST_KEY_UIApplicationSceneManifest_Generation = YES;
				INFOPLIST_KEY_UIApplicationSupportsIndirectInputEvents = YES;
				INFOPLIST_KEY_UILaunchScreen_Generation = YES;
				INFOPLIST_KEY_UIRequiresFullScreen = NO;
				INFOPLIST_KEY_UISupportedInterfaceOrientations = UIInterfaceOrientationPortrait;
				INFOPLIST_KEY_UISupportedInterfaceOrientations_iPad = "UIInterfaceOrientationPortrait UIInterfaceOrientationPortraitUpsideDown";
				IPHONEOS_DEPLOYMENT_TARGET = 14.0;
				LD_RUNPATH_SEARCH_PATHS = (
					"$(inherited)",
					"@executable_path/Frameworks",
				);
				MARKETING_VERSION = 1.0;
				PRODUCT_BUNDLE_IDENTIFIER = nikitaskobelkin.BragiDemo;
				PRODUCT_NAME = "$(TARGET_NAME)";
				SWIFT_EMIT_LOC_STRINGS = YES;
				SWIFT_VERSION = 5.0;
				TARGETED_DEVICE_FAMILY = "1,2";
			};
			name = Release;
		};
/* End XCBuildConfiguration section */

/* Begin XCConfigurationList section */
		8D007F962A6F32C50046490D /* Build configuration list for PBXProject "BragiDemo" */ = {
			isa = XCConfigurationList;
			buildConfigurations = (
				8D007FA72A6F32C70046490D /* Debug */,
				8D007FA82A6F32C70046490D /* Release */,
			);
			defaultConfigurationIsVisible = 0;
			defaultConfigurationName = Release;
		};
		8D007FA92A6F32C70046490D /* Build configuration list for PBXNativeTarget "BragiDemo" */ = {
			isa = XCConfigurationList;
			buildConfigurations = (
				8D007FAA2A6F32C70046490D /* Debug */,
				8D007FAB2A6F32C70046490D /* Release */,
			);
			defaultConfigurationIsVisible = 0;
			defaultConfigurationName = Release;
		};
/* End XCConfigurationList section */
	};
	rootObject = 8D007F932A6F32C50046490D /* Project object */;
}
